
Microsoft Visual Studio Solution File, Format Version 12.00
# Visual Studio Version 17
VisualStudioVersion = 17.14.36109.1
MinimumVisualStudioVersion = 10.0.40219.1
Project("{FAE04EC0-301F-11D3-BF4B-00C04F79EFBC}") = "GameLib", "GameLib\GameLib.csproj", "{E948E4B6-6F9B-42B7-960F-4523A6A44853}"
EndProject
Project("{FAE04EC0-301F-11D3-BF4B-00C04F79EFBC}") = "AppWPF", "AppWPF\AppWPF.csproj", "{DFD72F86-04FB-4057-8B7B-D19208E7362F}"
EndProject
Global
	GlobalSection(SolutionConfigurationPlatforms) = preSolution
		Debug|Any CPU = Debug|Any CPU
		Release|Any CPU = Release|Any CPU
	EndGlobalSection
	GlobalSection(ProjectConfigurationPlatforms) = postSolution
		{E948E4B6-6F9B-42B7-960F-4523A6A44853}.Debug|Any CPU.ActiveCfg = Debug|Any CPU
		{E948E4B6-6F9B-42B7-960F-4523A6A44853}.Debug|Any CPU.Build.0 = Debug|Any CPU
		{E948E4B6-6F9B-42B7-960F-4523A6A44853}.Release|Any CPU.ActiveCfg = Release|Any CPU
		{E948E4B6-6F9B-42B7-960F-4523A6A44853}.Release|Any CPU.Build.0 = Release|Any CPU
		{DFD72F86-04FB-4057-8B7B-D19208E7362F}.Debug|Any CPU.ActiveCfg = Debug|Any CPU
		{DFD72F86-04FB-4057-8B7B-D19208E7362F}.Debug|Any CPU.Build.0 = Debug|Any CPU
		{DFD72F86-04FB-4057-8B7B-D19208E7362F}.Release|Any CPU.ActiveCfg = Release|Any CPU
		{DFD72F86-04FB-4057-8B7B-D19208E7362F}.Release|Any CPU.Build.0 = Release|Any CPU
	EndGlobalSection
	GlobalSection(SolutionProperties) = preSolution
		HideSolutionNode = FALSE
	EndGlobalSection
	GlobalSection(ExtensibilityGlobals) = postSolution
		SolutionGuid = {FFE77649-7D0C-4653-8AB9-430B6D90FDE4}
	EndGlobalSection
EndGlobal
